
Microsoft Visual Studio Solution File, Format Version 12.00
# Visual Studio Version 16
VisualStudioVersion = 16.0.29709.97
MinimumVisualStudioVersion = 10.0.40219.1
Project("{FAE04EC0-301F-11D3-BF4B-00C04F79EFBC}") = "MyShop.WebUI", "MyShop.WebUI\MyShop.WebUI.csproj", "{DEBD4B52-8284-473B-AA4A-AC6D994E3191}"
EndProject
Project("{FAE04EC0-301F-11D3-BF4B-00C04F79EFBC}") = "MyShop.WebUI.Tests", "MyShop.WebUI.Tests\MyShop.WebUI.Tests.csproj", "{292C0A45-263C-47CB-80B7-16FD1C43CB8D}"
EndProject
Project("{FAE04EC0-301F-11D3-BF4B-00C04F79EFBC}") = "MyShop.Core", "MyShop.Core\MyShop.Core.csproj", "{E01D78F7-6289-4282-AB64-79267FD995AC}"
EndProject
Project("{FAE04EC0-301F-11D3-BF4B-00C04F79EFBC}") = "MyShop.Services", "MyShop.Services\MyShop.Services.csproj", "{FBBD2235-FE8D-4CA9-83C9-084A7247F657}"
EndProject
Project("{FAE04EC0-301F-11D3-BF4B-00C04F79EFBC}") = "MyShop.DataAccess.InMemory", "MyShop.DataAccess.InMemory\MyShop.DataAccess.InMemory.csproj", "{FEF46662-DBD4-480D-85E2-20E51B4D872A}"
EndProject
Project("{FAE04EC0-301F-11D3-BF4B-00C04F79EFBC}") = "MyShop.DataAccess.SQL", "MyShop.DataAccess.SQL\MyShop.DataAccess.SQL.csproj", "{747F8CB7-CFF4-4B3F-B466-C5D92AD74E5B}"
EndProject
Global
	GlobalSection(SolutionConfigurationPlatforms) = preSolution
		Debug|Any CPU = Debug|Any CPU
		Release|Any CPU = Release|Any CPU
	EndGlobalSection
	GlobalSection(ProjectConfigurationPlatforms) = postSolution
		{DEBD4B52-8284-473B-AA4A-AC6D994E3191}.Debug|Any CPU.ActiveCfg = Debug|Any CPU
		{DEBD4B52-8284-473B-AA4A-AC6D994E3191}.Debug|Any CPU.Build.0 = Debug|Any CPU
		{DEBD4B52-8284-473B-AA4A-AC6D994E3191}.Release|Any CPU.ActiveCfg = Release|Any CPU
		{DEBD4B52-8284-473B-AA4A-AC6D994E3191}.Release|Any CPU.Build.0 = Release|Any CPU
		{292C0A45-263C-47CB-80B7-16FD1C43CB8D}.Debug|Any CPU.ActiveCfg = Debug|Any CPU
		{292C0A45-263C-47CB-80B7-16FD1C43CB8D}.Debug|Any CPU.Build.0 = Debug|Any CPU
		{292C0A45-263C-47CB-80B7-16FD1C43CB8D}.Release|Any CPU.ActiveCfg = Release|Any CPU
		{292C0A45-263C-47CB-80B7-16FD1C43CB8D}.Release|Any CPU.Build.0 = Release|Any CPU
		{E01D78F7-6289-4282-AB64-79267FD995AC}.Debug|Any CPU.ActiveCfg = Debug|Any CPU
		{E01D78F7-6289-4282-AB64-79267FD995AC}.Debug|Any CPU.Build.0 = Debug|Any CPU
		{E01D78F7-6289-4282-AB64-79267FD995AC}.Release|Any CPU.ActiveCfg = Release|Any CPU
		{E01D78F7-6289-4282-AB64-79267FD995AC}.Release|Any CPU.Build.0 = Release|Any CPU
		{FBBD2235-FE8D-4CA9-83C9-084A7247F657}.Debug|Any CPU.ActiveCfg = Debug|Any CPU
		{FBBD2235-FE8D-4CA9-83C9-084A7247F657}.Debug|Any CPU.Build.0 = Debug|Any CPU
		{FBBD2235-FE8D-4CA9-83C9-084A7247F657}.Release|Any CPU.ActiveCfg = Release|Any CPU
		{FBBD2235-FE8D-4CA9-83C9-084A7247F657}.Release|Any CPU.Build.0 = Release|Any CPU
		{FEF46662-DBD4-480D-85E2-20E51B4D872A}.Debug|Any CPU.ActiveCfg = Debug|Any CPU
		{FEF46662-DBD4-480D-85E2-20E51B4D872A}.Debug|Any CPU.Build.0 = Debug|Any CPU
		{FEF46662-DBD4-480D-85E2-20E51B4D872A}.Release|Any CPU.ActiveCfg = Release|Any CPU
		{FEF46662-DBD4-480D-85E2-20E51B4D872A}.Release|Any CPU.Build.0 = Release|Any CPU
		{747F8CB7-CFF4-4B3F-B466-C5D92AD74E5B}.Debug|Any CPU.ActiveCfg = Debug|Any CPU
		{747F8CB7-CFF4-4B3F-B466-C5D92AD74E5B}.Debug|Any CPU.Build.0 = Debug|Any CPU
		{747F8CB7-CFF4-4B3F-B466-C5D92AD74E5B}.Release|Any CPU.ActiveCfg = Release|Any CPU
		{747F8CB7-CFF4-4B3F-B466-C5D92AD74E5B}.Release|Any CPU.Build.0 = Release|Any CPU
	EndGlobalSection
	GlobalSection(SolutionProperties) = preSolution
		HideSolutionNode = FALSE
	EndGlobalSection
	GlobalSection(ExtensibilityGlobals) = postSolution
		SolutionGuid = {164D25AB-25A1-44F4-9724-3D3247A27C60}
	EndGlobalSection
EndGlobal
